
Microsoft Visual Studio Solution File, Format Version 12.00
# Visual Studio Version 17
VisualStudioVersion = 17.12.35707.178
MinimumVisualStudioVersion = 10.0.40219.1
Project("{FAE04EC0-301F-11D3-BF4B-00C04F79EFBC}") = "Online_Health_Consultation_Portal", "Online_Health_Consultation_Portal\Online_Health_Consultation_Portal.csproj", "{6B35F013-21F0-40CD-BCF7-96CD7710F2F2}"
EndProject
Project("{54A90642-561A-4BB1-A94E-469ADEE60C69}") = "bach-fe", "bach-fe\bach-fe.esproj", "{D24CA521-AF57-8CC3-E62A-0BA0BD704310}"
EndProject
Global
	GlobalSection(SolutionConfigurationPlatforms) = preSolution
		Debug|Any CPU = Debug|Any CPU
		Release|Any CPU = Release|Any CPU
	EndGlobalSection
	GlobalSection(ProjectConfigurationPlatforms) = postSolution
		{6B35F013-21F0-40CD-BCF7-96CD7710F2F2}.Debug|Any CPU.ActiveCfg = Debug|Any CPU
		{6B35F013-21F0-40CD-BCF7-96CD7710F2F2}.Debug|Any CPU.Build.0 = Debug|Any CPU
		{6B35F013-21F0-40CD-BCF7-96CD7710F2F2}.Release|Any CPU.ActiveCfg = Release|Any CPU
		{6B35F013-21F0-40CD-BCF7-96CD7710F2F2}.Release|Any CPU.Build.0 = Release|Any CPU
		{D24CA521-AF57-8CC3-E62A-0BA0BD704310}.Debug|Any CPU.ActiveCfg = Debug|Any CPU
		{D24CA521-AF57-8CC3-E62A-0BA0BD704310}.Debug|Any CPU.Build.0 = Debug|Any CPU
		{D24CA521-AF57-8CC3-E62A-0BA0BD704310}.Debug|Any CPU.Deploy.0 = Debug|Any CPU
		{D24CA521-AF57-8CC3-E62A-0BA0BD704310}.Release|Any CPU.ActiveCfg = Release|Any CPU
		{D24CA521-AF57-8CC3-E62A-0BA0BD704310}.Release|Any CPU.Build.0 = Release|Any CPU
		{D24CA521-AF57-8CC3-E62A-0BA0BD704310}.Release|Any CPU.Deploy.0 = Release|Any CPU
	EndGlobalSection
	GlobalSection(SolutionProperties) = preSolution
		HideSolutionNode = FALSE
	EndGlobalSection
EndGlobal
